
Microsoft Visual Studio Solution File, Format Version 12.00
Project("{FAE04EC0-301F-11D3-BF4B-00C04F79EFBC}") = "ProjetCs", "ProjetCs\ProjetCs.csproj", "{7A7BA0DA-CEC4-4996-93B0-4CA811F93E3A}"
EndProject
Project("{FAE04EC0-301F-11D3-BF4B-00C04F79EFBC}") = "ProjetConsole", "ProjetConsole\ProjetConsole.csproj", "{47364E2F-3309-4981-B86A-0C2C5BA77407}"
EndProject
Global
	GlobalSection(SolutionConfigurationPlatforms) = preSolution
		Debug|Any CPU = Debug|Any CPU
		Release|Any CPU = Release|Any CPU
	EndGlobalSection
	GlobalSection(ProjectConfigurationPlatforms) = postSolution
		{7A7BA0DA-CEC4-4996-93B0-4CA811F93E3A}.Debug|Any CPU.ActiveCfg = Debug|Any CPU
		{7A7BA0DA-CEC4-4996-93B0-4CA811F93E3A}.Debug|Any CPU.Build.0 = Debug|Any CPU
		{7A7BA0DA-CEC4-4996-93B0-4CA811F93E3A}.Release|Any CPU.ActiveCfg = Release|Any CPU
		{7A7BA0DA-CEC4-4996-93B0-4CA811F93E3A}.Release|Any CPU.Build.0 = Release|Any CPU
		{47364E2F-3309-4981-B86A-0C2C5BA77407}.Debug|Any CPU.ActiveCfg = Debug|Any CPU
		{47364E2F-3309-4981-B86A-0C2C5BA77407}.Debug|Any CPU.Build.0 = Debug|Any CPU
		{47364E2F-3309-4981-B86A-0C2C5BA77407}.Release|Any CPU.ActiveCfg = Release|Any CPU
		{47364E2F-3309-4981-B86A-0C2C5BA77407}.Release|Any CPU.Build.0 = Release|Any CPU
	EndGlobalSection
EndGlobal
